Microsoft Visual Studio Solution File, Format Version 12.00
# Visual Studio Version 17
VisualStudioVersion = 17.2.32519.379
MinimumVisualStudioVersion = 10.0.40219.1
Project("{FAE04EC0-301F-11D3-BF4B-00C04F79EFBC}") = "BP_Razor", "BP_Razor.csproj", "{0F92BF95-E5DF-4A3D-8443-417D3477F1AA}"
EndProject
Global
	GlobalSection(SolutionConfigurationPlatforms) = preSolution
		Debug|Any CPU = Debug|Any CPU
		Release|Any CPU = Release|Any CPU
	EndGlobalSection
	GlobalSection(ProjectConfigurationPlatforms) = postSolution
		{0F92BF95-E5DF-4A3D-8443-417D3477F1AA}.Debug|Any CPU.ActiveCfg = Debug|Any CPU
		{0F92BF95-E5DF-4A3D-8443-417D3477F1AA}.Debug|Any CPU.Build.0 = Debug|Any CPU
		{0F92BF95-E5DF-4A3D-8443-417D3477F1AA}.Release|Any CPU.ActiveCfg = Release|Any CPU
		{0F92BF95-E5DF-4A3D-8443-417D3477F1AA}.Release|Any CPU.Build.0 = Release|Any CPU
	EndGlobalSection
	GlobalSection(SolutionProperties) = preSolution
		HideSolutionNode = FALSE
	EndGlobalSection
	GlobalSection(ExtensibilityGlobals) = postSolution
		SolutionGuid = {9424BE37-160B-4002-9A3C-1E6E72707383}
	EndGlobalSection
EndGlobal
